// !$*UTF8*$!
{
	archiveVersion = 1;
	classes = {
	};
	objectVersion = 46;
	objects = {

/* Begin PBXBuildFile section */
		B30D9EF018EAF08D0029D813 /* Foundation.framework in Frameworks */ = {isa = PBXBuildFile; fileRef = B30D9EEF18EAF08D0029D813 /* Foundation.framework */; };
		B30D9EF218EAF08D0029D813 /* CoreGraphics.framework in Frameworks */ = {isa = PBXBuildFile; fileRef = B30D9EF118EAF08D0029D813 /* CoreGraphics.framework */; };
		B30D9EF418EAF08D0029D813 /* UIKit.framework in Frameworks */ = {isa = PBXBuildFile; fileRef = B30D9EF318EAF08D0029D813 /* UIKit.framework */; };
		B30D9EFA18EAF08D0029D813 /* InfoPlist.strings in Resources */ = {isa = PBXBuildFile; fileRef = B30D9EF818EAF08D0029D813 /* InfoPlist.strings */; };
		B30D9EFC18EAF08D0029D813 /* main.m in Sources */ = {isa = PBXBuildFile; fileRef = B30D9EFB18EAF08D0029D813 /* main.m */; };
		B30D9F0018EAF08D0029D813 /* AppDelegate.m in Sources */ = {isa = PBXBuildFile; fileRef = B30D9EFF18EAF08D0029D813 /* AppDelegate.m */; };
		B30D9F0318EAF08D0029D813 /* Main.storyboard in Resources */ = {isa = PBXBuildFile; fileRef = B30D9F0118EAF08D0029D813 /* Main.storyboard */; };
		B30D9F0618EAF08D0029D813 /* FirstViewController.m in Sources */ = {isa = PBXBuildFile; fileRef = B30D9F0518EAF08D0029D813 /* FirstViewController.m */; };
		B30D9F0918EAF08D0029D813 /* SecondViewController.m in Sources */ = {isa = PBXBuildFile; fileRef = B30D9F0818EAF08D0029D813 /* SecondViewController.m */; };
		B30D9F0B18EAF08D0029D813 /* Images.xcassets in Resources */ = {isa = PBXBuildFile; fileRef = B30D9F0A18EAF08D0029D813 /* Images.xcassets */; };
		B30D9F1218EAF08D0029D813 /* XCTest.framework in Frameworks */ = {isa = PBXBuildFile; fileRef = B30D9F1118EAF08D0029D813 /* XCTest.framework */; };
		B30D9F1318EAF08D0029D813 /* Foundation.framework in Frameworks */ = {isa = PBXBuildFile; fileRef = B30D9EEF18EAF08D0029D813 /* Foundation.framework */; };
		B30D9F1418EAF08D0029D813 /* UIKit.framework in Frameworks */ = {isa = PBXBuildFile; fileRef = B30D9EF318EAF08D0029D813 /* UIKit.framework */; };
		B30D9F1C18EAF08D0029D813 /* InfoPlist.strings in Resources */ = {isa = PBXBuildFile; fileRef = B30D9F1A18EAF08D0029D813 /* InfoPlist.strings */; };
		B30D9F1E18EAF08D0029D813 /* PrototypeTests.m in Sources */ = {isa = PBXBuildFile; fileRef = B30D9F1D18EAF08D0029D813 /* PrototypeTests.m */; };
/* End PBXBuildFile section */

/* Begin PBXContainerItemProxy section */
		B30D9F1518EAF08D0029D813 /* PBXContainerItemProxy */ = {
			isa = PBXContainerItemProxy;
			containerPortal = B30D9EE418EAF08D0029D813 /* Project object */;
			proxyType = 1;
			remoteGlobalIDString = B30D9EEB18EAF08D0029D813;
			remoteInfo = Prototype;
		};
/* End PBXContainerItemProxy section */

/* Begin PBXFileReference section */
		B30D9EEC18EAF08D0029D813 /* Prototype.app */ = {isa = PBXFileReference; explicitFileType = wrapper.application; includeInIndex = 0; path = Prototype.app; sourceTree = BUILT_PRODUCTS_DIR; };
		B30D9EEF18EAF08D0029D813 /* Foundation.framework */ = {isa = PBXFileReference; lastKnownFileType = wrapper.framework; name = Foundation.framework; path = System/Library/Frameworks/Foundation.framework; sourceTree = SDKROOT; };
		B30D9EF118EAF08D0029D813 /* CoreGraphics.framework */ = {isa = PBXFileReference; lastKnownFileType = wrapper.framework; name = CoreGraphics.framework; path = System/Library/Frameworks/CoreGraphics.framework; sourceTree = SDKROOT; };
		B30D9EF318EAF08D0029D813 /* UIKit.framework */ = {isa = PBXFileReference; lastKnownFileType = wrapper.framework; name = UIKit.framework; path = System/Library/Frameworks/UIKit.framework; sourceTree = SDKROOT; };
		B30D9EF718EAF08D0029D813 /* Prototype-Info.plist */ = {isa = PBXFileReference; lastKnownFileType = text.plist.xml; path = "Prototype-Info.plist"; sourceTree = "<group>"; };
		B30D9EF918EAF08D0029D813 /* en */ = {isa = PBXFileReference; lastKnownFileType = text.plist.strings; name = en; path = en.lproj/InfoPlist.strings; sourceTree = "<group>"; };
		B30D9EFB18EAF08D0029D813 /* main.m */ = {isa = PBXFileReference; lastKnownFileType = sourcecode.c.objc; path = main.m; sourceTree = "<group>"; };
		B30D9EFD18EAF08D0029D813 /* Prototype-Prefix.pch */ = {isa = PBXFileReference; lastKnownFileType = sourcecode.c.h; path = "Prototype-Prefix.pch"; sourceTree = "<group>"; };
		B30D9EFE18EAF08D0029D813 /* AppDelegate.h */ = {isa = PBXFileReference; lastKnownFileType = sourcecode.c.h; path = AppDelegate.h; sourceTree = "<group>"; };
		B30D9EFF18EAF08D0029D813 /* AppDelegate.m */ = {isa = PBXFileReference; lastKnownFileType = sourcecode.c.objc; path = AppDelegate.m; sourceTree = "<group>"; };
		B30D9F0218EAF08D0029D813 /* Base */ = {isa = PBXFileReference; lastKnownFileType = file.storyboard; name = Base; path = Base.lproj/Main.storyboard; sourceTree = "<group>"; };
		B30D9F0418EAF08D0029D813 /* FirstViewController.h */ = {isa = PBXFileReference; lastKnownFileType = sourcecode.c.h; path = FirstViewController.h; sourceTree = "<group>"; };
		B30D9F0518EAF08D0029D813 /* FirstViewController.m */ = {isa = PBXFileReference; lastKnownFileType = sourcecode.c.objc; path = FirstViewController.m; sourceTree = "<group>"; };
		B30D9F0718EAF08D0029D813 /* SecondViewController.h */ = {isa = PBXFileReference; lastKnownFileType = sourcecode.c.h; path = SecondViewController.h; sourceTree = "<group>"; };
		B30D9F0818EAF08D0029D813 /* SecondViewController.m */ = {isa = PBXFileReference; lastKnownFileType = sourcecode.c.objc; path = SecondViewController.m; sourceTree = "<group>"; };
		B30D9F0A18EAF08D0029D813 /* Images.xcassets */ = {isa = PBXFileReference; lastKnownFileType = folder.assetcatalog; path = Images.xcassets; sourceTree = "<group>"; };
		B30D9F1018EAF08D0029D813 /* PrototypeTests.xctest */ = {isa = PBXFileReference; explicitFileType = wrapper.cfbundle; includeInIndex = 0; path = PrototypeTests.xctest; sourceTree = BUILT_PRODUCTS_DIR; };
		B30D9F1118EAF08D0029D813 /* XCTest.framework */ = {isa = PBXFileReference; lastKnownFileType = wrapper.framework; name = XCTest.framework; path = Library/Frameworks/XCTest.framework; sourceTree = DEVELOPER_DIR; };
		B30D9F1918EAF08D0029D813 /* PrototypeTests-Info.plist */ = {isa = PBXFileReference; lastKnownFileType = text.plist.xml; path = "PrototypeTests-Info.plist"; sourceTree = "<group>"; };
		B30D9F1B18EAF08D0029D813 /* en */ = {isa = PBXFileReference; lastKnownFileType = text.plist.strings; name = en; path = en.lproj/InfoPlist.strings; sourceTree = "<group>"; };
		B30D9F1D18EAF08D0029D813 /* PrototypeTests.m */ = {isa = PBXFileReference; lastKnownFileType = sourcecode.c.objc; path = PrototypeTests.m; sourceTree = "<group>"; };
/* End PBXFileReference section */

/* Begin PBXFrameworksBuildPhase section */
		B30D9EE918EAF08D0029D813 /* Frameworks */ = {
			isa = PBXFrameworksBuildPhase;
			buildActionMask = 2147483647;
			files = (
				B30D9EF218EAF08D0029D813 /* CoreGraphics.framework in Frameworks */,
				B30D9EF418EAF08D0029D813 /* UIKit.framework in Frameworks */,
				B30D9EF018EAF08D0029D813 /* Foundation.framework in Frameworks */,
			);
			runOnlyForDeploymentPostprocessing = 0;
		};
		B30D9F0D18EAF08D0029D813 /* Frameworks */ = {
			isa = PBXFrameworksBuildPhase;
			buildActionMask = 2147483647;
			files = (
				B30D9F1218EAF08D0029D813 /* XCTest.framework in Frameworks */,
				B30D9F1418EAF08D0029D813 /* UIKit.framework in Frameworks */,
				B30D9F1318EAF08D0029D813 /* Foundation.framework in Frameworks */,
			);
			runOnlyForDeploymentPostprocessing = 0;
		};
/* End PBXFrameworksBuildPhase section */

/* Begin PBXGroup section */
		B30D9EE318EAF08D0029D813 = {
			isa = PBXGroup;
			children = (
				B30D9EF518EAF08D0029D813 /* Prototype */,
				B30D9F1718EAF08D0029D813 /* PrototypeTests */,
				B30D9EEE18EAF08D0029D813 /* Frameworks */,
				B30D9EED18EAF08D0029D813 /* Products */,
			);
			sourceTree = "<group>";
		};
		B30D9EED18EAF08D0029D813 /* Products */ = {
			isa = PBXGroup;
			children = (
				B30D9EEC18EAF08D0029D813 /* Prototype.app */,
				B30D9F1018EAF08D0029D813 /* PrototypeTests.xctest */,
			);
			name = Products;
			sourceTree = "<group>";
		};
		B30D9EEE18EAF08D0029D813 /* Frameworks */ = {
			isa = PBXGroup;
			children = (
				B30D9EEF18EAF08D0029D813 /* Foundation.framework */,
				B30D9EF118EAF08D0029D813 /* CoreGraphics.framework */,
				B30D9EF318EAF08D0029D813 /* UIKit.framework */,
				B30D9F1118EAF08D0029D813 /* XCTest.framework */,
			);
			name = Frameworks;
			sourceTree = "<group>";
		};
		B30D9EF518EAF08D0029D813 /* Prototype */ = {
			isa = PBXGroup;
			children = (
				B30D9EFE18EAF08D0029D813 /* AppDelegate.h */,
				B30D9EFF18EAF08D0029D813 /* AppDelegate.m */,
				B30D9F0118EAF08D0029D813 /* Main.storyboard */,
				B30D9F0418EAF08D0029D813 /* FirstViewController.h */,
				B30D9F0518EAF08D0029D813 /* FirstViewController.m */,
				B30D9F0718EAF08D0029D813 /* SecondViewController.h */,
				B30D9F0818EAF08D0029D813 /* SecondViewController.m */,
				B30D9F0A18EAF08D0029D813 /* Images.xcassets */,
				B30D9EF618EAF08D0029D813 /* Supporting Files */,
			);
			path = Prototype;
			sourceTree = "<group>";
		};
		B30D9EF618EAF08D0029D813 /* Supporting Files */ = {
			isa = PBXGroup;
			children = (
				B30D9EF718EAF08D0029D813 /* Prototype-Info.plist */,
				B30D9EF818EAF08D0029D813 /* InfoPlist.strings */,
				B30D9EFB18EAF08D0029D813 /* main.m */,
				B30D9EFD18EAF08D0029D813 /* Prototype-Prefix.pch */,
			);
			name = "Supporting Files";
			sourceTree = "<group>";
		};
		B30D9F1718EAF08D0029D813 /* PrototypeTests */ = {
			isa = PBXGroup;
			children = (
				B30D9F1D18EAF08D0029D813 /* PrototypeTests.m */,
				B30D9F1818EAF08D0029D813 /* Supporting Files */,
			);
			path = PrototypeTests;
			sourceTree = "<group>";
		};
		B30D9F1818EAF08D0029D813 /* Supporting Files */ = {
			isa = PBXGroup;
			children = (
				B30D9F1918EAF08D0029D813 /* PrototypeTests-Info.plist */,
				B30D9F1A18EAF08D0029D813 /* InfoPlist.strings */,
			);
			name = "Supporting Files";
			sourceTree = "<group>";
		};
/* End PBXGroup section */

/* Begin PBXNativeTarget section */
		B30D9EEB18EAF08D0029D813 /* Prototype */ = {
			isa = PBXNativeTarget;
			buildConfigurationList = B30D9F2118EAF08D0029D813 /* Build configuration list for PBXNativeTarget "Prototype" */;
			buildPhases = (
				B30D9EE818EAF08D0029D813 /* Sources */,
				B30D9EE918EAF08D0029D813 /* Frameworks */,
				B30D9EEA18EAF08D0029D813 /* Resources */,
			);
			buildRules = (
			);
			dependencies = (
			);
			name = Prototype;
			productName = Prototype;
			productReference = B30D9EEC18EAF08D0029D813 /* Prototype.app */;
			productType = "com.apple.product-type.application";
		};
		B30D9F0F18EAF08D0029D813 /* PrototypeTests */ = {
			isa = PBXNativeTarget;
			buildConfigurationList = B30D9F2418EAF08D0029D813 /* Build configuration list for PBXNativeTarget "PrototypeTests" */;
			buildPhases = (
				B30D9F0C18EAF08D0029D813 /* Sources */,
				B30D9F0D18EAF08D0029D813 /* Frameworks */,
				B30D9F0E18EAF08D0029D813 /* Resources */,
			);
			buildRules = (
			);
			dependencies = (
				B30D9F1618EAF08D0029D813 /* PBXTargetDependency */,
			);
			name = PrototypeTests;
			productName = PrototypeTests;
			productReference = B30D9F1018EAF08D0029D813 /* PrototypeTests.xctest */;
			productType = "com.apple.product-type.bundle.unit-test";
		};
/* End PBXNativeTarget section */

/* Begin PBXProject section */
		B30D9EE418EAF08D0029D813 /* Project object */ = {
			isa = PBXProject;
			attributes = {
				LastUpgradeCheck = 0510;
				ORGANIZATIONNAME = RVSLabs;
				TargetAttributes = {
					B30D9F0F18EAF08D0029D813 = {
						TestTargetID = B30D9EEB18EAF08D0029D813;
					};
				};
			};
			buildConfigurationList = B30D9EE718EAF08D0029D813 /* Build configuration list for PBXProject "Prototype" */;
			compatibilityVersion = "Xcode 3.2";
			developmentRegion = English;
			hasScannedForEncodings = 0;
			knownRegions = (
				en,
				Base,
			);
			mainGroup = B30D9EE318EAF08D0029D813;
			productRefGroup = B30D9EED18EAF08D0029D813 /* Products */;
			projectDirPath = "";
			projectRoot = "";
			targets = (
				B30D9EEB18EAF08D0029D813 /* Prototype */,
				B30D9F0F18EAF08D0029D813 /* PrototypeTests */,
			);
		};
/* End PBXProject section */

/* Begin PBXResourcesBuildPhase section */
		B30D9EEA18EAF08D0029D813 /* Resources */ = {
			isa = PBXResourcesBuildPhase;
			buildActionMask = 2147483647;
			files = (
				B30D9F0B18EAF08D0029D813 /* Images.xcassets in Resources */,
				B30D9EFA18EAF08D0029D813 /* InfoPlist.strings in Resources */,
				B30D9F0318EAF08D0029D813 /* Main.storyboard in Resources */,
			);
			runOnlyForDeploymentPostprocessing = 0;
		};
		B30D9F0E18EAF08D0029D813 /* Resources */ = {
			isa = PBXResourcesBuildPhase;
			buildActionMask = 2147483647;
			files = (
				B30D9F1C18EAF08D0029D813 /* InfoPlist.strings in Resources */,
			);
			runOnlyForDeploymentPostprocessing = 0;
		};
/* End PBXResourcesBuildPhase section */

/* Begin PBXSourcesBuildPhase section */
		B30D9EE818EAF08D0029D813 /* Sources */ = {
			isa = PBXSourcesBuildPhase;
			buildActionMask = 2147483647;
			files = (
				B30D9F0918EAF08D0029D813 /* SecondViewController.m in Sources */,
				B30D9F0018EAF08D0029D813 /* AppDelegate.m in Sources */,
				B30D9F0618EAF08D0029D813 /* FirstViewController.m in Sources */,
				B30D9EFC18EAF08D0029D813 /* main.m in Sources */,
			);
			runOnlyForDeploymentPostprocessing = 0;
		};
		B30D9F0C18EAF08D0029D813 /* Sources */ = {
			isa = PBXSourcesBuildPhase;
			buildActionMask = 2147483647;
			files = (
				B30D9F1E18EAF08D0029D813 /* PrototypeTests.m in Sources */,
			);
			runOnlyForDeploymentPostprocessing = 0;
		};
/* End PBXSourcesBuildPhase section */

/* Begin PBXTargetDependency section */
		B30D9F1618EAF08D0029D813 /* PBXTargetDependency */ = {
			isa = PBXTargetDependency;
			target = B30D9EEB18EAF08D0029D813 /* Prototype */;
			targetProxy = B30D9F1518EAF08D0029D813 /* PBXContainerItemProxy */;
		};
/* End PBXTargetDependency section */

/* Begin PBXVariantGroup section */
		B30D9EF818EAF08D0029D813 /* InfoPlist.strings */ = {
			isa = PBXVariantGroup;
			children = (
				B30D9EF918EAF08D0029D813 /* en */,
			);
			name = InfoPlist.strings;
			sourceTree = "<group>";
		};
		B30D9F0118EAF08D0029D813 /* Main.storyboard */ = {
			isa = PBXVariantGroup;
			children = (
				B30D9F0218EAF08D0029D813 /* Base */,
			);
			name = Main.storyboard;
			sourceTree = "<group>";
		};
		B30D9F1A18EAF08D0029D813 /* InfoPlist.strings */ = {
			isa = PBXVariantGroup;
			children = (
				B30D9F1B18EAF08D0029D813 /* en */,
			);
			name = InfoPlist.strings;
			sourceTree = "<group>";
		};
/* End PBXVariantGroup section */

/* Begin XCBuildConfiguration section */
		B30D9F1F18EAF08D0029D813 /* Debug */ = {
			isa = XCBuildConfiguration;
			buildSettings = {
				ALWAYS_SEARCH_USER_PATHS = NO;
				CLANG_CXX_LANGUAGE_STANDARD = "gnu++0x";
				CLANG_CXX_LIBRARY = "libc++";
				CLANG_ENABLE_MODULES = YES;
				CLANG_ENABLE_OBJC_ARC = YES;
				CLANG_WARN_BOOL_CONVERSION = YES;
				CLANG_WARN_CONSTANT_CONVERSION = YES;
				CLANG_WARN_DIRECT_OBJC_ISA_USAGE = YES_ERROR;
				CLANG_WARN_EMPTY_BODY = YES;
				CLANG_WARN_ENUM_CONVERSION = YES;
				CLANG_WARN_INT_CONVERSION = YES;
				CLANG_WARN_OBJC_ROOT_CLASS = YES_ERROR;
				CLANG_WARN__DUPLICATE_METHOD_MATCH = YES;
				"CODE_SIGN_IDENTITY[sdk=iphoneos*]" = "iPhone Developer";
				COPY_PHASE_STRIP = NO;
				GCC_C_LANGUAGE_STANDARD = gnu99;
				GCC_DYNAMIC_NO_PIC = NO;
				GCC_OPTIMIZATION_LEVEL = 0;
				GCC_PREPROCESSOR_DEFINITIONS = (
					"DEBUG=1",
					"$(inherited)",
				);
				GCC_SYMBOLS_PRIVATE_EXTERN = NO;
				GCC_WARN_64_TO_32_BIT_CONVERSION = YES;
				GCC_WARN_ABOUT_RETURN_TYPE = YES_ERROR;
				GCC_WARN_UNDECLARED_SELECTOR = YES;
				GCC_WARN_UNINITIALIZED_AUTOS = YES_AGGRESSIVE;
				GCC_WARN_UNUSED_FUNCTION = YES;
				GCC_WARN_UNUSED_VARIABLE = YES;
				IPHONEOS_DEPLOYMENT_TARGET = 7.1;
				ONLY_ACTIVE_ARCH = YES;
				SDKROOT = iphoneos;
			};
			name = Debug;
		};
		B30D9F2018EAF08D0029D813 /* Release */ = {
			isa = XCBuildConfiguration;
			buildSettings = {
				ALWAYS_SEARCH_USER_PATHS = NO;
				CLANG_CXX_LANGUAGE_STANDARD = "gnu++0x";
				CLANG_CXX_LIBRARY = "libc++";
				CLANG_ENABLE_MODULES = YES;
				CLANG_ENABLE_OBJC_ARC = YES;
				CLANG_WARN_BOOL_CONVERSION = YES;
				CLANG_WARN_CONSTANT_CONVERSION = YES;
				CLANG_WARN_DIRECT_OBJC_ISA_USAGE = YES_ERROR;
				CLANG_WARN_EMPTY_BODY = YES;
				CLANG_WARN_ENUM_CONVERSION = YES;
				CLANG_WARN_INT_CONVERSION = YES;
				CLANG_WARN_OBJC_ROOT_CLASS = YES_ERROR;
				CLANG_WARN__DUPLICATE_METHOD_MATCH = YES;
				"CODE_SIGN_IDENTITY[sdk=iphoneos*]" = "iPhone Developer";
				COPY_PHASE_STRIP = YES;
				ENABLE_NS_ASSERTIONS = NO;
				GCC_C_LANGUAGE_STANDARD = gnu99;
				GCC_WARN_64_TO_32_BIT_CONVERSION = YES;
				GCC_WARN_ABOUT_RETURN_TYPE = YES_ERROR;
				GCC_WARN_UNDECLARED_SELECTOR = YES;
				GCC_WARN_UNINITIALIZED_AUTOS = YES_AGGRESSIVE;
				GCC_WARN_UNUSED_FUNCTION = YES;
				GCC_WARN_UNUSED_VARIABLE = YES;
				IPHONEOS_DEPLOYMENT_TARGET = 7.1;
				SDKROOT = iphoneos;
				VALIDATE_PRODUCT = YES;
			};
			name = Release;
		};
		B30D9F2218EAF08D0029D813 /* Debug */ = {
			isa = XCBuildConfiguration;
			buildSettings = {
				ASSETCATALOG_COMPILER_APPICON_NAME = AppIcon;
				ASSETCATALOG_COMPILER_LAUNCHIMAGE_NAME = LaunchImage;
				GCC_PRECOMPILE_PREFIX_HEADER = YES;
				GCC_PREFIX_HEADER = "Prototype/Prototype-Prefix.pch";
				INFOPLIST_FILE = "Prototype/Prototype-Info.plist";
				PRODUCT_NAME = "$(TARGET_NAME)";
				WRAPPER_EXTENSION = app;
			};
			name = Debug;
		};
		B30D9F2318EAF08D0029D813 /* Release */ = {
			isa = XCBuildConfiguration;
			buildSettings = {
				ASSETCATALOG_COMPILER_APPICON_NAME = AppIcon;
				ASSETCATALOG_COMPILER_LAUNCHIMAGE_NAME = LaunchImage;
				GCC_PRECOMPILE_PREFIX_HEADER = YES;
				GCC_PREFIX_HEADER = "Prototype/Prototype-Prefix.pch";
				INFOPLIST_FILE = "Prototype/Prototype-Info.plist";
				PRODUCT_NAME = "$(TARGET_NAME)";
				WRAPPER_EXTENSION = app;
			};
			name = Release;
		};
		B30D9F2518EAF08D0029D813 /* Debug */ = {
			isa = XCBuildConfiguration;
			buildSettings = {
				BUNDLE_LOADER = "$(BUILT_PRODUCTS_DIR)/Prototype.app/Prototype";
				FRAMEWORK_SEARCH_PATHS = (
					"$(SDKROOT)/Developer/Library/Frameworks",
					"$(inherited)",
					"$(DEVELOPER_FRAMEWORKS_DIR)",
				);
				GCC_PRECOMPILE_PREFIX_HEADER = YES;
				GCC_PREFIX_HEADER = "Prototype/Prototype-Prefix.pch";
				GCC_PREPROCESSOR_DEFINITIONS = (
					"DEBUG=1",
					"$(inherited)",
				);
				INFOPLIST_FILE = "PrototypeTests/PrototypeTests-Info.plist";
				PRODUCT_NAME = "$(TARGET_NAME)";
				TEST_HOST = "$(BUNDLE_LOADER)";
				WRAPPER_EXTENSION = xctest;
			};
			name = Debug;
		};
		B30D9F2618EAF08D0029D813 /* Release */ = {
			isa = XCBuildConfiguration;
			buildSettings = {
				BUNDLE_LOADER = "$(BUILT_PRODUCTS_DIR)/Prototype.app/Prototype";
				FRAMEWORK_SEARCH_PATHS = (
					"$(SDKROOT)/Developer/Library/Frameworks",
					"$(inherited)",
					"$(DEVELOPER_FRAMEWORKS_DIR)",
				);
				GCC_PRECOMPILE_PREFIX_HEADER = YES;
				GCC_PREFIX_HEADER = "Prototype/Prototype-Prefix.pch";
				INFOPLIST_FILE = "PrototypeTests/PrototypeTests-Info.plist";
				PRODUCT_NAME = "$(TARGET_NAME)";
				TEST_HOST = "$(BUNDLE_LOADER)";
				WRAPPER_EXTENSION = xctest;
			};
			name = Release;
		};
/* End XCBuildConfiguration section */

/* Begin XCConfigurationList section */
		B30D9EE718EAF08D0029D813 /* Build configuration list for PBXProject "Prototype" */ = {
			isa = XCConfigurationList;
			buildConfigurations = (
				B30D9F1F18EAF08D0029D813 /* Debug */,
				B30D9F2018EAF08D0029D813 /* Release */,
			);
			defaultConfigurationIsVisible = 0;
			defaultConfigurationName = Release;
		};
		B30D9F2118EAF08D0029D813 /* Build configuration list for PBXNativeTarget "Prototype" */ = {
			isa = XCConfigurationList;
			buildConfigurations = (
				B30D9F2218EAF08D0029D813 /* Debug */,
				B30D9F2318EAF08D0029D813 /* Release */,
			);
			defaultConfigurationIsVisible = 0;
		};
		B30D9F2418EAF08D0029D813 /* Build configuration list for PBXNativeTarget "PrototypeTests" */ = {
			isa = XCConfigurationList;
			buildConfigurations = (
				B30D9F2518EAF08D0029D813 /* Debug */,
				B30D9F2618EAF08D0029D813 /* Release */,
			);
			defaultConfigurationIsVisible = 0;
		};
/* End XCConfigurationList section */
	};
	rootObject = B30D9EE418EAF08D0029D813 /* Project object */;
}
